[ "bson": {:git, "git://github.com/mongodb/bson-erlang", "d15adfc603308c68cc959a34f7ff2a083bfed4b3", [ref: "HEAD"]},
  "cowboy": {:git, "git://github.com/extend/cowboy.git", "239e5e0ba7f413642aca3cf2735f0709a643fb8e", []},
  "cowlib": {:git, "git://github.com/extend/cowlib.git", "0d4ece08a7cce90a07cf33d4edad29bc324c7d90", [ref: "0.5.1"]},
  "dynamo": {:git, "git://github.com/elixir-lang/dynamo.git", "584d06e809fc3aa57a62a1b785204cbaa554d26e", []},
  "elixirmongo": {:git, "git://github.com/checkiz/elixir-mongo.git", "2aa7d80b180c429ed8836e3a6fabb91fb39238a5", []},
  "exjson": {:git, "https://github.com/guedes/exjson.git", "e668c8513f57ac078e5fa6985a26e9d457aaaf7c", []},
  "hackney": {:git, "git://github.com/benoitc/hackney.git", "7f2a0b5996313d930277786e7ff5d538e9346547", [tag: "0.10.1"]},
  "hackney_lib": {:git, "https://github.com/benoitc/hackney_lib.git", "eecdb481f1d38bfb194896bffdf9bdcdd967ae96", [tag: "0.2.2"]},
  "mime": {:git, "git://github.com/dynamo/mime.git", "7e56a3dd5692afcd39c9797ae2898c5841967098", []},
  "mimetypes": {:git, "git://github.com/spawngrid/mimetypes.git", "47d37a977a7d633199822bf6b08353007483d00f", [ref: "master"]},
  "mongo": {:git, "https://github.com/checkiz/elixir-mongo.git", "2aa7d80b180c429ed8836e3a6fabb91fb39238a5", []},
  "mongodb": {:git, "git://github.com/mururu/mongodb-erlang.git", "4c640620bf2ab82d9be85d527a229cd6b60a4c02", []},
  "mongoex": {:git, "git://github.com/mururu/mongoex.git", "de58649150a408f6ac3a97fe9b14870173e4dc4a", []},
  "ranch": {:git, "git://github.com/extend/ranch.git", "5df1f222f94e08abdcab7084f5e13027143cc222", [ref: "0.9.0"]} ]
